{
  "name": "SU25_Team6",
  "lockfileVersion": 3,
  "requires": true,
  "packages": {
    "": {
      "dependencies": {
        "@supabase/supabase-js": "^2.50.0",
        "usehooks-ts": "^3.1.1"
      }
    },
    "node_modules/@supabase/auth-js": {
      "version": "2.70.0",
      "resolved": "https://registry.npmjs.org/@supabase/auth-js/-/auth-js-2.70.0.tgz",
      "integrity": "sha512-BaAK/tOAZFJtzF1sE3gJ2FwTjLf4ky3PSvcvLGEgEmO4BSBkwWKu8l67rLLIBZPDnCyV7Owk2uPyKHa0kj5QGg==",
      "license": "MIT",
      "dependencies": {
        "@supabase/node-fetch": "^2.6.14"
      }
    },
    "node_modules/@supabase/functions-js": {
      "version": "2.4.4",
      "resolved": "https://registry.npmjs.org/@supabase/functions-js/-/functions-js-2.4.4.tgz",
      "integrity": "sha512-WL2p6r4AXNGwop7iwvul2BvOtuJ1YQy8EbOd0dhG1oN1q8el/BIRSFCFnWAMM/vJJlHWLi4ad22sKbKr9mvjoA==",
      "license": "MIT",
      "dependencies": {
        "@supabase/node-fetch": "^2.6.14"
      }
    },
    "node_modules/@supabase/node-fetch": {
      "version": "2.6.15",
      "resolved": "https://registry.npmjs.org/@supabase/node-fetch/-/node-fetch-2.6.15.tgz",
      "integrity": "sha512-1ibVeYUacxWYi9i0cf5efil6adJ9WRyZBLivgjs+AUpewx1F3xPi7gLgaASI2SmIQxPoCEjAsLAzKPgMJVgOUQ==",
      "license": "MIT",
      "dependencies": {
        "whatwg-url": "^5.0.0"
      },
      "engines": {
        "node": "4.x || >=6.0.0"
      }
    },
    "node_modules/@supabase/postgrest-js": {
      "version": "1.19.4",
      "resolved": "https://registry.npmjs.org/@supabase/postgrest-js/-/postgrest-js-1.19.4.tgz",
      "integrity": "sha512-O4soKqKtZIW3olqmbXXbKugUtByD2jPa8kL2m2c1oozAO11uCcGrRhkZL0kVxjBLrXHE0mdSkFsMj7jDSfyNpw==",
      "license": "MIT",
      "dependencies": {
        "@supabase/node-fetch": "^2.6.14"
      }
    },
    "node_modules/@supabase/realtime-js": {
      "version": "2.11.10",
      "resolved": "https://registry.npmjs.org/@supabase/realtime-js/-/realtime-js-2.11.10.tgz",
      "integrity": "sha512-SJKVa7EejnuyfImrbzx+HaD9i6T784khuw1zP+MBD7BmJYChegGxYigPzkKX8CK8nGuDntmeSD3fvriaH0EGZA==",
      "license": "MIT",
      "dependencies": {
        "@supabase/node-fetch": "^2.6.13",
        "@types/phoenix": "^1.6.6",
        "@types/ws": "^8.18.1",
        "ws": "^8.18.2"
      }
    },
    "node_modules/@supabase/storage-js": {
      "version": "2.7.1",
      "resolved": "https://registry.npmjs.org/@supabase/storage-js/-/storage-js-2.7.1.tgz",
      "integrity": "sha512-asYHcyDR1fKqrMpytAS1zjyEfvxuOIp1CIXX7ji4lHHcJKqyk+sLl/Vxgm4sN6u8zvuUtae9e4kDxQP2qrwWBA==",
      "license": "MIT",
      "dependencies": {
        "@supabase/node-fetch": "^2.6.14"
      }
    },
    "node_modules/@supabase/supabase-js": {
      "version": "2.50.0",
      "resolved": "https://registry.npmjs.org/@supabase/supabase-js/-/supabase-js-2.50.0.tgz",
      "integrity": "sha512-M1Gd5tPaaghYZ9OjeO1iORRqbTWFEz/cF3pPubRnMPzA+A8SiUsXXWDP+DWsASZcjEcVEcVQIAF38i5wrijYOg==",
      "license": "MIT",
      "dependencies": {
        "@supabase/auth-js": "2.70.0",
        "@supabase/functions-js": "2.4.4",
        "@supabase/node-fetch": "2.6.15",
        "@supabase/postgrest-js": "1.19.4",
        "@supabase/realtime-js": "2.11.10",
        "@supabase/storage-js": "2.7.1"
      }
    },
    "node_modules/@types/node": {
      "version": "24.0.3",
      "resolved": "https://registry.npmjs.org/@types/node/-/node-24.0.3.tgz",
      "integrity": "sha512-R4I/kzCYAdRLzfiCabn9hxWfbuHS573x+r0dJMkkzThEa7pbrcDWK+9zu3e7aBOouf+rQAciqPFMnxwr0aWgKg==",
      "license": "MIT",
      "dependencies": {
        "undici-types": "~7.8.0"
      }
    },
    "node_modules/@types/phoenix": {
      "version": "1.6.6",
      "resolved": "https://registry.npmjs.org/@types/phoenix/-/phoenix-1.6.6.tgz",
      "integrity": "sha512-PIzZZlEppgrpoT2QgbnDU+MMzuR6BbCjllj0bM70lWoejMeNJAxCchxnv7J3XFkI8MpygtRpzXrIlmWUBclP5A==",
      "license": "MIT"
    },
    "node_modules/@types/ws": {
      "version": "8.18.1",
      "resolved": "https://registry.npmjs.org/@types/ws/-/ws-8.18.1.tgz",
      "integrity": "sha512-ThVF6DCVhA8kUGy+aazFQ4kXQ7E1Ty7A3ypFOe0IcJV8O/M511G99AW24irKrW56Wt44yG9+ij8FaqoBGkuBXg==",
      "license": "MIT",
      "dependencies": {
        "@types/node": "*"
      }
    },
    "node_modules/lodash.debounce": {
      "version": "4.0.8",
      "resolved": "https://registry.npmjs.org/lodash.debounce/-/lodash.debounce-4.0.8.tgz",
      "integrity": "sha512-FT1yDzDYEoYWhnSGnpE/4Kj1fLZkDFyqRb7fNt6FdYOSxlUWAtp42Eh6Wb0rGIv/m9Bgo7x4GhQbm5Ys4SG5ow==",
      "license": "MIT"
    },
    "node_modules/react": {
      "version": "19.1.0",
      "resolved": "https://registry.npmjs.org/react/-/react-19.1.0.tgz",
      "integrity": "sha512-FS+XFBNvn3GTAWq26joslQgWNoFu08F4kl0J4CgdNKADkdSGXQyTCnKteIAJy96Br6YbpEU1LSzV5dYtjMkMDg==",
      "license": "MIT",
      "peer": true,
      "engines": {
        "node": ">=0.10.0"
      }
    },
    "node_modules/tr46": {
      "version": "0.0.3",
      "resolved": "https://registry.npmjs.org/tr46/-/tr46-0.0.3.tgz",
      "integrity": "sha512-N3WMsuqV66lT30CrXNbEjx4GEwlow3v6rr4mCcv6prnfwhS01rkgyFdjPNBYd9br7LpXV1+Emh01fHnq2Gdgrw==",
      "license": "MIT"
    },
    "node_modules/undici-types": {
      "version": "7.8.0",
      "resolved": "https://registry.npmjs.org/undici-types/-/undici-types-7.8.0.tgz",
      "integrity": "sha512-9UJ2xGDvQ43tYyVMpuHlsgApydB8ZKfVYTsLDhXkFL/6gfkp+U8xTGdh8pMJv1SpZna0zxG1DwsKZsreLbXBxw==",
      "license": "MIT"
    },
    "node_modules/usehooks-ts": {
      "version": "3.1.1",
      "resolved": "https://registry.npmjs.org/usehooks-ts/-/usehooks-ts-3.1.1.tgz",
      "integrity": "sha512-I4diPp9Cq6ieSUH2wu+fDAVQO43xwtulo+fKEidHUwZPnYImbtkTjzIJYcDcJqxgmX31GVqNFURodvcgHcW0pA==",
      "license": "MIT",
      "dependencies": {
        "lodash.debounce": "^4.0.8"
      },
      "engines": {
        "node": ">=16.15.0"
      },
      "peerDependencies": {
        "react": "^16.8.0  || ^17 || ^18 || ^19 || ^19.0.0-rc"
      }
    },
    "node_modules/webidl-conversions": {
      "version": "3.0.1",
      "resolved": "https://registry.npmjs.org/webidl-conversions/-/webidl-conversions-3.0.1.tgz",
      "integrity": "sha512-2JAn3z8AR6rjK8Sm8orRC0h/bcl/DqL7tRPdGZ4I1CjdF+EaMLmYxBHyXuKL849eucPFhvBoxMsflfOb8kxaeQ==",
      "license": "BSD-2-Clause"
    },
    "node_modules/whatwg-url": {
      "version": "5.0.0",
      "resolved": "https://registry.npmjs.org/whatwg-url/-/whatwg-url-5.0.0.tgz",
      "integrity": "sha512-saE57nupxk6v3HY35+jzBwYa0rKSy0XR8JSxZPwgLr7ys0IBzhGviA1/TUGJLmSVqs8pb9AnvICXEuOHLprYTw==",
      "license": "MIT",
      "dependencies": {
        "tr46": "~0.0.3",
        "webidl-conversions": "^3.0.0"
      }
    },
    "node_modules/ws": {
      "version": "8.18.2",
      "resolved": "https://registry.npmjs.org/ws/-/ws-8.18.2.tgz",
      "integrity": "sha512-DMricUmwGZUVr++AEAe2uiVM7UoO9MAVZMDu05UQOaUII0lp+zOzLLU4Xqh/JvTqklB1T4uELaaPBKyjE1r4fQ==",
      "license": "MIT",
      "engines": {
        "node": ">=10.0.0"
      },
      "peerDependencies": {
        "bufferutil": "^4.0.1",
        "utf-8-validate": ">=5.0.2"
      },
      "peerDependenciesMeta": {
        "bufferutil": {
          "optional": true
        },
        "utf-8-validate": {
          "optional": true
        }
      }
    }
  }
}
